uuid: 998031fd-8544-46bc-ac8f-cd31c27d10ac
langcode: en
status: true
dependencies:
  module:
    - advanced_menu_condition
    - iq_group_sqs_mautic
    - pagedesigner_block
  theme:
    - iq_custom
id: userblock
theme: iq_custom
region: pagedesigner
weight: 0
provider: null
plugin: user_edit_block
settings:
  id: user_edit_block
  label: 'User block'
  provider: iq_group_sqs_mautic
  label_display: visible
visibility:
  advanced_menu_position:
    id: advanced_menu_position
    menu_position:
      '': ''
    negate: null
    context_mapping: {  }
  advanced_menu_position_not:
    id: advanced_menu_position_not
    not_menu_position:
      '': ''
    negate: null
    context_mapping: {  }
  pagedesigner_condition:
    id: pagedesigner_condition
    pagedesigner_condition: 0
    negate: null
    context_mapping: {  }
